
Microsoft Visual Studio Solution File, Format Version 12.00
# Visual Studio 15
VisualStudioVersion = 15.0.27703.2035
MinimumVisualStudioVersion = 10.0.40219.1
Project("{8BC9CEB8-8B4A-11D0-8D11-00A0C91BC942}") = "Prep labs", "Prep labs\Prep labs.vcxproj", "{0F634D90-CD8D-428D-A4B1-D0E6736BD29B}"
EndProject
Global
	GlobalSection(SolutionConfigurationPlatforms) = preSolution
		Debug|x64 = Debug|x64
		Debug|x86 = Debug|x86
		Release|x64 = Release|x64
		Release|x86 = Release|x86
	EndGlobalSection
	GlobalSection(ProjectConfigurationPlatforms) = postSolution
		{0F634D90-CD8D-428D-A4B1-D0E6736BD29B}.Debug|x64.ActiveCfg = Debug|x64
		{0F634D90-CD8D-428D-A4B1-D0E6736BD29B}.Debug|x64.Build.0 = Debug|x64
		{0F634D90-CD8D-428D-A4B1-D0E6736BD29B}.Debug|x86.ActiveCfg = Debug|Win32
		{0F634D90-CD8D-428D-A4B1-D0E6736BD29B}.Debug|x86.Build.0 = Debug|Win32
		{0F634D90-CD8D-428D-A4B1-D0E6736BD29B}.Release|x64.ActiveCfg = Release|x64
		{0F634D90-CD8D-428D-A4B1-D0E6736BD29B}.Release|x64.Build.0 = Release|x64
		{0F634D90-CD8D-428D-A4B1-D0E6736BD29B}.Release|x86.ActiveCfg = Release|Win32
		{0F634D90-CD8D-428D-A4B1-D0E6736BD29B}.Release|x86.Build.0 = Release|Win32
	EndGlobalSection
	GlobalSection(SolutionProperties) = preSolution
		HideSolutionNode = FALSE
	EndGlobalSection
	GlobalSection(ExtensibilityGlobals) = postSolution
		SolutionGuid = {1BCEF73C-A566-44B7-A7EC-0D903E7B0C9F}
	EndGlobalSection
EndGlobal
