
Microsoft Visual Studio Solution File, Format Version 12.00
# Visual Studio 15
VisualStudioVersion = 15.0.27703.2035
MinimumVisualStudioVersion = 10.0.40219.1
Project("{8BC9CEB8-8B4A-11D0-8D11-00A0C91BC942}") = "main lab 6", "main lab 6\main lab 6.vcxproj", "{8812FB86-8E7B-4123-82C7-7CB1E8B409AF}"
EndProject
Global
	GlobalSection(SolutionConfigurationPlatforms) = preSolution
		Debug|x64 = Debug|x64
		Debug|x86 = Debug|x86
		Release|x64 = Release|x64
		Release|x86 = Release|x86
	EndGlobalSection
	GlobalSection(ProjectConfigurationPlatforms) = postSolution
		{8812FB86-8E7B-4123-82C7-7CB1E8B409AF}.Debug|x64.ActiveCfg = Debug|x64
		{8812FB86-8E7B-4123-82C7-7CB1E8B409AF}.Debug|x64.Build.0 = Debug|x64
		{8812FB86-8E7B-4123-82C7-7CB1E8B409AF}.Debug|x86.ActiveCfg = Debug|Win32
		{8812FB86-8E7B-4123-82C7-7CB1E8B409AF}.Debug|x86.Build.0 = Debug|Win32
		{8812FB86-8E7B-4123-82C7-7CB1E8B409AF}.Release|x64.ActiveCfg = Release|x64
		{8812FB86-8E7B-4123-82C7-7CB1E8B409AF}.Release|x64.Build.0 = Release|x64
		{8812FB86-8E7B-4123-82C7-7CB1E8B409AF}.Release|x86.ActiveCfg = Release|Win32
		{8812FB86-8E7B-4123-82C7-7CB1E8B409AF}.Release|x86.Build.0 = Release|Win32
	EndGlobalSection
	GlobalSection(SolutionProperties) = preSolution
		HideSolutionNode = FALSE
	EndGlobalSection
	GlobalSection(ExtensibilityGlobals) = postSolution
		SolutionGuid = {B62459D6-8306-4622-AD96-1AA9543284A5}
	EndGlobalSection
EndGlobal
